
Microsoft Visual Studio Solution File, Format Version 12.00
# Visual Studio Version 17
VisualStudioVersion = 17.11.35219.272
MinimumVisualStudioVersion = 10.0.40219.1
Project("{2150E333-8FDC-42A3-9474-1A3956D46DE8}") = "Domain", "Domain", "{ACF63CDD-F577-4F0D-97CB-969FABA7B9D9}"
EndProject
Project("{2150E333-8FDC-42A3-9474-1A3956D46DE8}") = "Infrastruture", "Infrastruture", "{E4FCA0E7-605A-49BA-B03D-88F8BAE18B82}"
EndProject
Project("{2150E333-8FDC-42A3-9474-1A3956D46DE8}") = "Application", "Application", "{E307CC4F-735E-4896-8106-1FF4B71C4014}"
EndProject
Project("{2150E333-8FDC-42A3-9474-1A3956D46DE8}") = "Presentation", "Presentation", "{C158DCFC-19DB-49D6-9102-6710DB2EE95B}"
EndProject
Project("{9A19103F-16F7-4668-BE54-9A1E7A4F7556}") = "AzureBlobStorage", "Infrastructure\Assets.AzureBlobStorage\AzureBlobStorage.csproj", "{5A650DA7-1744-4A2C-BF32-B9A8E51839EF}"
EndProject
Project("{9A19103F-16F7-4668-BE54-9A1E7A4F7556}") = "FileSystem", "Infrastructure\Assets.FileSystem\FileSystem.csproj", "{3716B8F0-127C-4080-B475-20F38C8066DD}"
EndProject
Project("{9A19103F-16F7-4668-BE54-9A1E7A4F7556}") = "Common", "Infrastructure\Common\Common.csproj", "{F1FCD415-9B9D-4C37-ABBC-82A9D39FAA9E}"
EndProject
Project("{9A19103F-16F7-4668-BE54-9A1E7A4F7556}") = "Word", "Infrastructure\Word\Word.csproj", "{B86B5904-E579-42E6-86EE-92A24BE1334C}"
EndProject
Project("{9A19103F-16F7-4668-BE54-9A1E7A4F7556}") = "Excel", "Infrastructure\Excel\Excel.csproj", "{4102DB9E-9698-470B-A367-5F9B33B923D1}"
EndProject
Project("{9A19103F-16F7-4668-BE54-9A1E7A4F7556}") = "Caching", "Infrastructure\Caching\Caching.csproj", "{BF374F15-FF4F-4185-91E7-8F79E4546926}"
EndProject
Project("{9A19103F-16F7-4668-BE54-9A1E7A4F7556}") = "StorageProvider.Adapters", "Infrastructure\FileSystem.Adapters\StorageProvider.Adapters.csproj", "{9D5E24C3-CC79-4B7F-9198-65E1EA8340B8}"
EndProject
Project("{9A19103F-16F7-4668-BE54-9A1E7A4F7556}") = "Hangfire", "Infrastructure\Hangfire\Hangfire.csproj", "{B9686D20-0BD9-4FE4-B843-BB89C7A8AE2D}"
EndProject
Project("{9A19103F-16F7-4668-BE54-9A1E7A4F7556}") = "Parse", "Domain\Parse\Parse.csproj", "{77FBF3CB-7274-4379-AAF3-BF02DB9B448D}"
EndProject
Project("{9A19103F-16F7-4668-BE54-9A1E7A4F7556}") = "LikeOperator", "Domain\LikeOperator\LikeOperator.csproj", "{E5CB5A3C-0601-4778-B621-EA43B54DB7A2}"
EndProject
Project("{9A19103F-16F7-4668-BE54-9A1E7A4F7556}") = "Settings", "Domain\Settings\Settings.csproj", "{20379F28-764A-4E8D-B148-DE1B180A8474}"
EndProject
Project("{9A19103F-16F7-4668-BE54-9A1E7A4F7556}") = "Tasks", "Domain\Tasks\Tasks.csproj", "{C505CF92-915D-4101-A786-48BDAAE96B0D}"
EndProject
Project("{9A19103F-16F7-4668-BE54-9A1E7A4F7556}") = "PdfImport", "Domain\PdfImport\PdfImport.csproj", "{DD3659BE-A9CC-4406-A4C6-B67EA08A0431}"
EndProject
Project("{9A19103F-16F7-4668-BE54-9A1E7A4F7556}") = "ConvertToRTF", "Domain\ConvertToRTF\ConvertToRTF.csproj", "{642A7B1B-5009-433D-B8E2-4D7CBC6E5553}"
EndProject
Project("{FAE04EC0-301F-11D3-BF4B-00C04F79EFBC}") = "DeepAnalytics", "Domain\DeepAnalytics\DeepAnalytics.csproj", "{7060651F-59E9-45E6-A29B-A0063EA147A2}"
EndProject
Project("{9A19103F-16F7-4668-BE54-9A1E7A4F7556}") = "Common", "Domain\Common\Common.csproj", "{6F90F874-588E-4942-9B22-8BBA48A16794}"
EndProject
Project("{9A19103F-16F7-4668-BE54-9A1E7A4F7556}") = "DifferenceEngine", "Domain\DifferenceEngine\DifferenceEngine.csproj", "{D2019C24-BE02-481C-8AA5-24B549707F86}"
EndProject
Project("{9A19103F-16F7-4668-BE54-9A1E7A4F7556}") = "DiffPlex", "Domain\DiffPlex\DiffPlex.csproj", "{8C61BE93-82E6-4F57-BEEC-3276E719FFCF}"
EndProject
Project("{9A19103F-16F7-4668-BE54-9A1E7A4F7556}") = "WordTemplate", "Domain\WordTemplate\WordTemplate.csproj", "{91F2F6B3-EBBF-4DBA-B647-B7353B2C45B3}"
EndProject
Project("{9A19103F-16F7-4668-BE54-9A1E7A4F7556}") = "Datalayer", "Infrastructure\Datalayer\Datalayer.csproj", "{1682CD4C-8620-4852-BC71-3420B024F697}"
EndProject
Project("{9A19103F-16F7-4668-BE54-9A1E7A4F7556}") = "Concepts", "Domain\Concepts\Concepts.csproj", "{50A72CB8-4181-474F-97C7-E962A2231D9B}"
EndProject
Project("{9A19103F-16F7-4668-BE54-9A1E7A4F7556}") = "ConceptAnalyzer", "Domain\ConceptAnalyzer\ConceptAnalyzer.csproj", "{CB28523C-2340-4B37-9B7B-DC26757FA659}"
EndProject
Project("{9A19103F-16F7-4668-BE54-9A1E7A4F7556}") = "DiscreteContent", "Domain\DiscreteContent\DiscreteContent.csproj", "{3A47D4D6-E0F5-474E-A11B-54C8B67A20F0}"
EndProject
Project("{9A19103F-16F7-4668-BE54-9A1E7A4F7556}") = "CQRS", "Domain\CQRS\CQRS.csproj", "{8642891D-8D82-49AB-8BDE-B14019AB5D01}"
EndProject
Project("{9A19103F-16F7-4668-BE54-9A1E7A4F7556}") = "AIServices", "Infrastructure\AIServices\AIServices.csproj", "{C6834968-2D01-4721-8121-8E5154D822F0}"
EndProject
Project("{9A19103F-16F7-4668-BE54-9A1E7A4F7556}") = "TelegramChatGptApi", "Application\TelegramChatGptApi\TelegramChatGptApi.csproj", "{165C4E0A-58E3-4CCD-8383-94ED42EB9CB2}"
EndProject
Project("{9A19103F-16F7-4668-BE54-9A1E7A4F7556}") = "Telegram.BotAPI", "Application\Telegram.BotAPI\library\Telegram.BotAPI\Telegram.BotAPI.csproj", "{10338552-B0F3-4F63-9278-148A30BB59D8}"
EndProject
Project("{9A19103F-16F7-4668-BE54-9A1E7A4F7556}") = "Telegram.BotAPI.Extensions", "Application\Telegram.BotAPI\library\Telegram.BotAPI.Extensions\Telegram.BotAPI.Extensions.csproj", "{A954C5F1-59FA-4B86-97A5-9DB69DA8818B}"
EndProject
Project("{9A19103F-16F7-4668-BE54-9A1E7A4F7556}") = "LawUI", "Presentation\LawUI\LawUI\LawUI.csproj", "{2F377ED2-0805-4980-BBA1-118D2DF3D0AB}"
EndProject
Project("{9A19103F-16F7-4668-BE54-9A1E7A4F7556}") = "LawUI.Client", "Presentation\LawUI\LawUI.Client\LawUI.Client.csproj", "{1AA336E4-E218-402A-9BE7-1F8B42A65462}"
EndProject
Project("{9A19103F-16F7-4668-BE54-9A1E7A4F7556}") = "LawAPI", "Application\LawAPI\LawAPI\LawAPI.csproj", "{87E3E23F-B011-4502-9AF7-743D5A53ACE4}"
EndProject
Project("{9A19103F-16F7-4668-BE54-9A1E7A4F7556}") = "OrganizationAPI", "Application\OrganizationService\OrganizationAPI.csproj", "{4CB34A2D-4C02-4ACC-86D1-AACB43C241A0}"
EndProject
Project("{9A19103F-16F7-4668-BE54-9A1E7A4F7556}") = "ParseService", "Application\ParseService\ParseService.csproj", "{327C2655-584E-4040-A371-5DD5EAC4BE7A}"
EndProject
Project("{9A19103F-16F7-4668-BE54-9A1E7A4F7556}") = "Permission", "Infrastructure\Permission\Permission.csproj", "{95FFF99E-BD6C-4AC5-979E-49C91B04ED09}"
EndProject
Global
	GlobalSection(SolutionConfigurationPlatforms) = preSolution
		Debug|Any CPU = Debug|Any CPU
		Release|Any CPU = Release|Any CPU
	EndGlobalSection
	GlobalSection(ProjectConfigurationPlatforms) = postSolution
		{5A650DA7-1744-4A2C-BF32-B9A8E51839EF}.Debug|Any CPU.ActiveCfg = Debug|Any CPU
		{5A650DA7-1744-4A2C-BF32-B9A8E51839EF}.Debug|Any CPU.Build.0 = Debug|Any CPU
		{5A650DA7-1744-4A2C-BF32-B9A8E51839EF}.Release|Any CPU.ActiveCfg = Release|Any CPU
		{5A650DA7-1744-4A2C-BF32-B9A8E51839EF}.Release|Any CPU.Build.0 = Release|Any CPU
		{3716B8F0-127C-4080-B475-20F38C8066DD}.Debug|Any CPU.ActiveCfg = Debug|Any CPU
		{3716B8F0-127C-4080-B475-20F38C8066DD}.Debug|Any CPU.Build.0 = Debug|Any CPU
		{3716B8F0-127C-4080-B475-20F38C8066DD}.Release|Any CPU.ActiveCfg = Release|Any CPU
		{3716B8F0-127C-4080-B475-20F38C8066DD}.Release|Any CPU.Build.0 = Release|Any CPU
		{F1FCD415-9B9D-4C37-ABBC-82A9D39FAA9E}.Debug|Any CPU.ActiveCfg = Debug|Any CPU
		{F1FCD415-9B9D-4C37-ABBC-82A9D39FAA9E}.Debug|Any CPU.Build.0 = Debug|Any CPU
		{F1FCD415-9B9D-4C37-ABBC-82A9D39FAA9E}.Release|Any CPU.ActiveCfg = Release|Any CPU
		{F1FCD415-9B9D-4C37-ABBC-82A9D39FAA9E}.Release|Any CPU.Build.0 = Release|Any CPU
		{B86B5904-E579-42E6-86EE-92A24BE1334C}.Debug|Any CPU.ActiveCfg = Debug|Any CPU
		{B86B5904-E579-42E6-86EE-92A24BE1334C}.Debug|Any CPU.Build.0 = Debug|Any CPU
		{B86B5904-E579-42E6-86EE-92A24BE1334C}.Release|Any CPU.ActiveCfg = Release|Any CPU
		{B86B5904-E579-42E6-86EE-92A24BE1334C}.Release|Any CPU.Build.0 = Release|Any CPU
		{4102DB9E-9698-470B-A367-5F9B33B923D1}.Debug|Any CPU.ActiveCfg = Debug|Any CPU
		{4102DB9E-9698-470B-A367-5F9B33B923D1}.Debug|Any CPU.Build.0 = Debug|Any CPU
		{4102DB9E-9698-470B-A367-5F9B33B923D1}.Release|Any CPU.ActiveCfg = Release|Any CPU
		{4102DB9E-9698-470B-A367-5F9B33B923D1}.Release|Any CPU.Build.0 = Release|Any CPU
		{BF374F15-FF4F-4185-91E7-8F79E4546926}.Debug|Any CPU.ActiveCfg = Debug|Any CPU
		{BF374F15-FF4F-4185-91E7-8F79E4546926}.Debug|Any CPU.Build.0 = Debug|Any CPU
		{BF374F15-FF4F-4185-91E7-8F79E4546926}.Release|Any CPU.ActiveCfg = Release|Any CPU
		{BF374F15-FF4F-4185-91E7-8F79E4546926}.Release|Any CPU.Build.0 = Release|Any CPU
		{9D5E24C3-CC79-4B7F-9198-65E1EA8340B8}.Debug|Any CPU.ActiveCfg = Debug|Any CPU
		{9D5E24C3-CC79-4B7F-9198-65E1EA8340B8}.Debug|Any CPU.Build.0 = Debug|Any CPU
		{9D5E24C3-CC79-4B7F-9198-65E1EA8340B8}.Release|Any CPU.ActiveCfg = Release|Any CPU
		{9D5E24C3-CC79-4B7F-9198-65E1EA8340B8}.Release|Any CPU.Build.0 = Release|Any CPU
		{B9686D20-0BD9-4FE4-B843-BB89C7A8AE2D}.Debug|Any CPU.ActiveCfg = Debug|Any CPU
		{B9686D20-0BD9-4FE4-B843-BB89C7A8AE2D}.Debug|Any CPU.Build.0 = Debug|Any CPU
		{B9686D20-0BD9-4FE4-B843-BB89C7A8AE2D}.Release|Any CPU.ActiveCfg = Release|Any CPU
		{B9686D20-0BD9-4FE4-B843-BB89C7A8AE2D}.Release|Any CPU.Build.0 = Release|Any CPU
		{77FBF3CB-7274-4379-AAF3-BF02DB9B448D}.Debug|Any CPU.ActiveCfg = Debug|Any CPU
		{77FBF3CB-7274-4379-AAF3-BF02DB9B448D}.Debug|Any CPU.Build.0 = Debug|Any CPU
		{77FBF3CB-7274-4379-AAF3-BF02DB9B448D}.Release|Any CPU.ActiveCfg = Release|Any CPU
		{77FBF3CB-7274-4379-AAF3-BF02DB9B448D}.Release|Any CPU.Build.0 = Release|Any CPU
		{E5CB5A3C-0601-4778-B621-EA43B54DB7A2}.Debug|Any CPU.ActiveCfg = Debug|Any CPU
		{E5CB5A3C-0601-4778-B621-EA43B54DB7A2}.Debug|Any CPU.Build.0 = Debug|Any CPU
		{E5CB5A3C-0601-4778-B621-EA43B54DB7A2}.Release|Any CPU.ActiveCfg = Release|Any CPU
		{E5CB5A3C-0601-4778-B621-EA43B54DB7A2}.Release|Any CPU.Build.0 = Release|Any CPU
		{20379F28-764A-4E8D-B148-DE1B180A8474}.Debug|Any CPU.ActiveCfg = Debug|Any CPU
		{20379F28-764A-4E8D-B148-DE1B180A8474}.Debug|Any CPU.Build.0 = Debug|Any CPU
		{20379F28-764A-4E8D-B148-DE1B180A8474}.Release|Any CPU.ActiveCfg = Release|Any CPU
		{20379F28-764A-4E8D-B148-DE1B180A8474}.Release|Any CPU.Build.0 = Release|Any CPU
		{C505CF92-915D-4101-A786-48BDAAE96B0D}.Debug|Any CPU.ActiveCfg = Debug|Any CPU
		{C505CF92-915D-4101-A786-48BDAAE96B0D}.Debug|Any CPU.Build.0 = Debug|Any CPU
		{C505CF92-915D-4101-A786-48BDAAE96B0D}.Release|Any CPU.ActiveCfg = Release|Any CPU
		{C505CF92-915D-4101-A786-48BDAAE96B0D}.Release|Any CPU.Build.0 = Release|Any CPU
		{DD3659BE-A9CC-4406-A4C6-B67EA08A0431}.Debug|Any CPU.ActiveCfg = Debug|Any CPU
		{DD3659BE-A9CC-4406-A4C6-B67EA08A0431}.Debug|Any CPU.Build.0 = Debug|Any CPU
		{DD3659BE-A9CC-4406-A4C6-B67EA08A0431}.Release|Any CPU.ActiveCfg = Release|Any CPU
		{DD3659BE-A9CC-4406-A4C6-B67EA08A0431}.Release|Any CPU.Build.0 = Release|Any CPU
		{642A7B1B-5009-433D-B8E2-4D7CBC6E5553}.Debug|Any CPU.ActiveCfg = Debug|Any CPU
		{642A7B1B-5009-433D-B8E2-4D7CBC6E5553}.Debug|Any CPU.Build.0 = Debug|Any CPU
		{642A7B1B-5009-433D-B8E2-4D7CBC6E5553}.Release|Any CPU.ActiveCfg = Release|Any CPU
		{642A7B1B-5009-433D-B8E2-4D7CBC6E5553}.Release|Any CPU.Build.0 = Release|Any CPU
		{7060651F-59E9-45E6-A29B-A0063EA147A2}.Debug|Any CPU.ActiveCfg = Debug|Any CPU
		{7060651F-59E9-45E6-A29B-A0063EA147A2}.Debug|Any CPU.Build.0 = Debug|Any CPU
		{7060651F-59E9-45E6-A29B-A0063EA147A2}.Release|Any CPU.ActiveCfg = Release|Any CPU
		{7060651F-59E9-45E6-A29B-A0063EA147A2}.Release|Any CPU.Build.0 = Release|Any CPU
		{6F90F874-588E-4942-9B22-8BBA48A16794}.Debug|Any CPU.ActiveCfg = Debug|Any CPU
		{6F90F874-588E-4942-9B22-8BBA48A16794}.Debug|Any CPU.Build.0 = Debug|Any CPU
		{6F90F874-588E-4942-9B22-8BBA48A16794}.Release|Any CPU.ActiveCfg = Release|Any CPU
		{6F90F874-588E-4942-9B22-8BBA48A16794}.Release|Any CPU.Build.0 = Release|Any CPU
		{D2019C24-BE02-481C-8AA5-24B549707F86}.Debug|Any CPU.ActiveCfg = Debug|Any CPU
		{D2019C24-BE02-481C-8AA5-24B549707F86}.Debug|Any CPU.Build.0 = Debug|Any CPU
		{D2019C24-BE02-481C-8AA5-24B549707F86}.Release|Any CPU.ActiveCfg = Release|Any CPU
		{D2019C24-BE02-481C-8AA5-24B549707F86}.Release|Any CPU.Build.0 = Release|Any CPU
		{8C61BE93-82E6-4F57-BEEC-3276E719FFCF}.Debug|Any CPU.ActiveCfg = Debug|Any CPU
		{8C61BE93-82E6-4F57-BEEC-3276E719FFCF}.Debug|Any CPU.Build.0 = Debug|Any CPU
		{8C61BE93-82E6-4F57-BEEC-3276E719FFCF}.Release|Any CPU.ActiveCfg = Release|Any CPU
		{8C61BE93-82E6-4F57-BEEC-3276E719FFCF}.Release|Any CPU.Build.0 = Release|Any CPU
		{91F2F6B3-EBBF-4DBA-B647-B7353B2C45B3}.Debug|Any CPU.ActiveCfg = Debug|Any CPU
		{91F2F6B3-EBBF-4DBA-B647-B7353B2C45B3}.Debug|Any CPU.Build.0 = Debug|Any CPU
		{91F2F6B3-EBBF-4DBA-B647-B7353B2C45B3}.Release|Any CPU.ActiveCfg = Release|Any CPU
		{91F2F6B3-EBBF-4DBA-B647-B7353B2C45B3}.Release|Any CPU.Build.0 = Release|Any CPU
		{1682CD4C-8620-4852-BC71-3420B024F697}.Debug|Any CPU.ActiveCfg = Debug|Any CPU
		{1682CD4C-8620-4852-BC71-3420B024F697}.Debug|Any CPU.Build.0 = Debug|Any CPU
		{1682CD4C-8620-4852-BC71-3420B024F697}.Release|Any CPU.ActiveCfg = Release|Any CPU
		{1682CD4C-8620-4852-BC71-3420B024F697}.Release|Any CPU.Build.0 = Release|Any CPU
		{50A72CB8-4181-474F-97C7-E962A2231D9B}.Debug|Any CPU.ActiveCfg = Debug|Any CPU
		{50A72CB8-4181-474F-97C7-E962A2231D9B}.Debug|Any CPU.Build.0 = Debug|Any CPU
		{50A72CB8-4181-474F-97C7-E962A2231D9B}.Release|Any CPU.ActiveCfg = Release|Any CPU
		{50A72CB8-4181-474F-97C7-E962A2231D9B}.Release|Any CPU.Build.0 = Release|Any CPU
		{CB28523C-2340-4B37-9B7B-DC26757FA659}.Debug|Any CPU.ActiveCfg = Debug|Any CPU
		{CB28523C-2340-4B37-9B7B-DC26757FA659}.Debug|Any CPU.Build.0 = Debug|Any CPU
		{CB28523C-2340-4B37-9B7B-DC26757FA659}.Release|Any CPU.ActiveCfg = Release|Any CPU
		{CB28523C-2340-4B37-9B7B-DC26757FA659}.Release|Any CPU.Build.0 = Release|Any CPU
		{3A47D4D6-E0F5-474E-A11B-54C8B67A20F0}.Debug|Any CPU.ActiveCfg = Debug|Any CPU
		{3A47D4D6-E0F5-474E-A11B-54C8B67A20F0}.Debug|Any CPU.Build.0 = Debug|Any CPU
		{3A47D4D6-E0F5-474E-A11B-54C8B67A20F0}.Release|Any CPU.ActiveCfg = Release|Any CPU
		{3A47D4D6-E0F5-474E-A11B-54C8B67A20F0}.Release|Any CPU.Build.0 = Release|Any CPU
		{8642891D-8D82-49AB-8BDE-B14019AB5D01}.Debug|Any CPU.ActiveCfg = Debug|Any CPU
		{8642891D-8D82-49AB-8BDE-B14019AB5D01}.Debug|Any CPU.Build.0 = Debug|Any CPU
		{8642891D-8D82-49AB-8BDE-B14019AB5D01}.Release|Any CPU.ActiveCfg = Release|Any CPU
		{8642891D-8D82-49AB-8BDE-B14019AB5D01}.Release|Any CPU.Build.0 = Release|Any CPU
		{C6834968-2D01-4721-8121-8E5154D822F0}.Debug|Any CPU.ActiveCfg = Debug|Any CPU
		{C6834968-2D01-4721-8121-8E5154D822F0}.Debug|Any CPU.Build.0 = Debug|Any CPU
		{C6834968-2D01-4721-8121-8E5154D822F0}.Release|Any CPU.ActiveCfg = Release|Any CPU
		{C6834968-2D01-4721-8121-8E5154D822F0}.Release|Any CPU.Build.0 = Release|Any CPU
		{165C4E0A-58E3-4CCD-8383-94ED42EB9CB2}.Debug|Any CPU.ActiveCfg = Debug|Any CPU
		{165C4E0A-58E3-4CCD-8383-94ED42EB9CB2}.Debug|Any CPU.Build.0 = Debug|Any CPU
		{165C4E0A-58E3-4CCD-8383-94ED42EB9CB2}.Release|Any CPU.ActiveCfg = Release|Any CPU
		{165C4E0A-58E3-4CCD-8383-94ED42EB9CB2}.Release|Any CPU.Build.0 = Release|Any CPU
		{10338552-B0F3-4F63-9278-148A30BB59D8}.Debug|Any CPU.ActiveCfg = Debug|Any CPU
		{10338552-B0F3-4F63-9278-148A30BB59D8}.Debug|Any CPU.Build.0 = Debug|Any CPU
		{10338552-B0F3-4F63-9278-148A30BB59D8}.Release|Any CPU.ActiveCfg = Release|Any CPU
		{10338552-B0F3-4F63-9278-148A30BB59D8}.Release|Any CPU.Build.0 = Release|Any CPU
		{A954C5F1-59FA-4B86-97A5-9DB69DA8818B}.Debug|Any CPU.ActiveCfg = Debug|Any CPU
		{A954C5F1-59FA-4B86-97A5-9DB69DA8818B}.Debug|Any CPU.Build.0 = Debug|Any CPU
		{A954C5F1-59FA-4B86-97A5-9DB69DA8818B}.Release|Any CPU.ActiveCfg = Release|Any CPU
		{A954C5F1-59FA-4B86-97A5-9DB69DA8818B}.Release|Any CPU.Build.0 = Release|Any CPU
		{2F377ED2-0805-4980-BBA1-118D2DF3D0AB}.Debug|Any CPU.ActiveCfg = Debug|Any CPU
		{2F377ED2-0805-4980-BBA1-118D2DF3D0AB}.Debug|Any CPU.Build.0 = Debug|Any CPU
		{2F377ED2-0805-4980-BBA1-118D2DF3D0AB}.Release|Any CPU.ActiveCfg = Release|Any CPU
		{2F377ED2-0805-4980-BBA1-118D2DF3D0AB}.Release|Any CPU.Build.0 = Release|Any CPU
		{1AA336E4-E218-402A-9BE7-1F8B42A65462}.Debug|Any CPU.ActiveCfg = Debug|Any CPU
		{1AA336E4-E218-402A-9BE7-1F8B42A65462}.Debug|Any CPU.Build.0 = Debug|Any CPU
		{1AA336E4-E218-402A-9BE7-1F8B42A65462}.Release|Any CPU.ActiveCfg = Release|Any CPU
		{1AA336E4-E218-402A-9BE7-1F8B42A65462}.Release|Any CPU.Build.0 = Release|Any CPU
		{87E3E23F-B011-4502-9AF7-743D5A53ACE4}.Debug|Any CPU.ActiveCfg = Debug|Any CPU
		{87E3E23F-B011-4502-9AF7-743D5A53ACE4}.Debug|Any CPU.Build.0 = Debug|Any CPU
		{87E3E23F-B011-4502-9AF7-743D5A53ACE4}.Release|Any CPU.ActiveCfg = Release|Any CPU
		{87E3E23F-B011-4502-9AF7-743D5A53ACE4}.Release|Any CPU.Build.0 = Release|Any CPU
		{4CB34A2D-4C02-4ACC-86D1-AACB43C241A0}.Debug|Any CPU.ActiveCfg = Debug|Any CPU
		{4CB34A2D-4C02-4ACC-86D1-AACB43C241A0}.Debug|Any CPU.Build.0 = Debug|Any CPU
		{4CB34A2D-4C02-4ACC-86D1-AACB43C241A0}.Release|Any CPU.ActiveCfg = Release|Any CPU
		{4CB34A2D-4C02-4ACC-86D1-AACB43C241A0}.Release|Any CPU.Build.0 = Release|Any CPU
		{327C2655-584E-4040-A371-5DD5EAC4BE7A}.Debug|Any CPU.ActiveCfg = Debug|Any CPU
		{327C2655-584E-4040-A371-5DD5EAC4BE7A}.Debug|Any CPU.Build.0 = Debug|Any CPU
		{327C2655-584E-4040-A371-5DD5EAC4BE7A}.Release|Any CPU.ActiveCfg = Release|Any CPU
		{327C2655-584E-4040-A371-5DD5EAC4BE7A}.Release|Any CPU.Build.0 = Release|Any CPU
		{95FFF99E-BD6C-4AC5-979E-49C91B04ED09}.Debug|Any CPU.ActiveCfg = Debug|Any CPU
		{95FFF99E-BD6C-4AC5-979E-49C91B04ED09}.Debug|Any CPU.Build.0 = Debug|Any CPU
		{95FFF99E-BD6C-4AC5-979E-49C91B04ED09}.Release|Any CPU.ActiveCfg = Release|Any CPU
		{95FFF99E-BD6C-4AC5-979E-49C91B04ED09}.Release|Any CPU.Build.0 = Release|Any CPU
	EndGlobalSection
	GlobalSection(SolutionProperties) = preSolution
		HideSolutionNode = FALSE
	EndGlobalSection
	GlobalSection(NestedProjects) = preSolution
		{5A650DA7-1744-4A2C-BF32-B9A8E51839EF} = {E4FCA0E7-605A-49BA-B03D-88F8BAE18B82}
		{3716B8F0-127C-4080-B475-20F38C8066DD} = {E4FCA0E7-605A-49BA-B03D-88F8BAE18B82}
		{F1FCD415-9B9D-4C37-ABBC-82A9D39FAA9E} = {E4FCA0E7-605A-49BA-B03D-88F8BAE18B82}
		{B86B5904-E579-42E6-86EE-92A24BE1334C} = {E4FCA0E7-605A-49BA-B03D-88F8BAE18B82}
		{4102DB9E-9698-470B-A367-5F9B33B923D1} = {E4FCA0E7-605A-49BA-B03D-88F8BAE18B82}
		{BF374F15-FF4F-4185-91E7-8F79E4546926} = {E4FCA0E7-605A-49BA-B03D-88F8BAE18B82}
		{9D5E24C3-CC79-4B7F-9198-65E1EA8340B8} = {E4FCA0E7-605A-49BA-B03D-88F8BAE18B82}
		{B9686D20-0BD9-4FE4-B843-BB89C7A8AE2D} = {E4FCA0E7-605A-49BA-B03D-88F8BAE18B82}
		{77FBF3CB-7274-4379-AAF3-BF02DB9B448D} = {ACF63CDD-F577-4F0D-97CB-969FABA7B9D9}
		{E5CB5A3C-0601-4778-B621-EA43B54DB7A2} = {ACF63CDD-F577-4F0D-97CB-969FABA7B9D9}
		{20379F28-764A-4E8D-B148-DE1B180A8474} = {ACF63CDD-F577-4F0D-97CB-969FABA7B9D9}
		{C505CF92-915D-4101-A786-48BDAAE96B0D} = {ACF63CDD-F577-4F0D-97CB-969FABA7B9D9}
		{DD3659BE-A9CC-4406-A4C6-B67EA08A0431} = {ACF63CDD-F577-4F0D-97CB-969FABA7B9D9}
		{642A7B1B-5009-433D-B8E2-4D7CBC6E5553} = {ACF63CDD-F577-4F0D-97CB-969FABA7B9D9}
		{7060651F-59E9-45E6-A29B-A0063EA147A2} = {ACF63CDD-F577-4F0D-97CB-969FABA7B9D9}
		{6F90F874-588E-4942-9B22-8BBA48A16794} = {ACF63CDD-F577-4F0D-97CB-969FABA7B9D9}
		{D2019C24-BE02-481C-8AA5-24B549707F86} = {ACF63CDD-F577-4F0D-97CB-969FABA7B9D9}
		{8C61BE93-82E6-4F57-BEEC-3276E719FFCF} = {ACF63CDD-F577-4F0D-97CB-969FABA7B9D9}
		{91F2F6B3-EBBF-4DBA-B647-B7353B2C45B3} = {ACF63CDD-F577-4F0D-97CB-969FABA7B9D9}
		{1682CD4C-8620-4852-BC71-3420B024F697} = {E4FCA0E7-605A-49BA-B03D-88F8BAE18B82}
		{50A72CB8-4181-474F-97C7-E962A2231D9B} = {ACF63CDD-F577-4F0D-97CB-969FABA7B9D9}
		{CB28523C-2340-4B37-9B7B-DC26757FA659} = {ACF63CDD-F577-4F0D-97CB-969FABA7B9D9}
		{3A47D4D6-E0F5-474E-A11B-54C8B67A20F0} = {ACF63CDD-F577-4F0D-97CB-969FABA7B9D9}
		{8642891D-8D82-49AB-8BDE-B14019AB5D01} = {E4FCA0E7-605A-49BA-B03D-88F8BAE18B82}
		{C6834968-2D01-4721-8121-8E5154D822F0} = {E4FCA0E7-605A-49BA-B03D-88F8BAE18B82}
		{165C4E0A-58E3-4CCD-8383-94ED42EB9CB2} = {E307CC4F-735E-4896-8106-1FF4B71C4014}
		{10338552-B0F3-4F63-9278-148A30BB59D8} = {E307CC4F-735E-4896-8106-1FF4B71C4014}
		{A954C5F1-59FA-4B86-97A5-9DB69DA8818B} = {E307CC4F-735E-4896-8106-1FF4B71C4014}
		{2F377ED2-0805-4980-BBA1-118D2DF3D0AB} = {C158DCFC-19DB-49D6-9102-6710DB2EE95B}
		{1AA336E4-E218-402A-9BE7-1F8B42A65462} = {C158DCFC-19DB-49D6-9102-6710DB2EE95B}
		{87E3E23F-B011-4502-9AF7-743D5A53ACE4} = {E307CC4F-735E-4896-8106-1FF4B71C4014}
		{4CB34A2D-4C02-4ACC-86D1-AACB43C241A0} = {E307CC4F-735E-4896-8106-1FF4B71C4014}
		{327C2655-584E-4040-A371-5DD5EAC4BE7A} = {E307CC4F-735E-4896-8106-1FF4B71C4014}
		{95FFF99E-BD6C-4AC5-979E-49C91B04ED09} = {E4FCA0E7-605A-49BA-B03D-88F8BAE18B82}
	EndGlobalSection
	GlobalSection(ExtensibilityGlobals) = postSolution
		SolutionGuid = {5AFD582E-6AB9-4C16-8215-9BB6BE6A38C3}
	EndGlobalSection
EndGlobal
