
Microsoft Visual Studio Solution File, Format Version 12.00
# Visual Studio Version 16
VisualStudioVersion = 16.0.29911.84
MinimumVisualStudioVersion = 10.0.40219.1
Project("{9A19103F-16F7-4668-BE54-9A1E7A4F7556}") = "Scion.Infrastructure", "..\..\Scion.Infrastructure\Scion.Infrastructure.csproj", "{498A159F-F441-4101-BA21-0CB06E99EF9F}"
EndProject
Project("{9A19103F-16F7-4668-BE54-9A1E7A4F7556}") = "DataModel", "..\..\Scion.Domain\Scion.Domain.Parse\DataModel.csproj", "{C34F4011-D66D-400A-9455-3DA977343614}"
EndProject
Project("{9A19103F-16F7-4668-BE54-9A1E7A4F7556}") = "Scion.Business.Parse", "..\..\Scion.Business\Scion.Business.Parse\Scion.Business.Parse.csproj", "{0D0CCAB8-689A-4CA7-9CA9-D720C9248E00}"
EndProject
Project("{9A19103F-16F7-4668-BE54-9A1E7A4F7556}") = "Scion.LikeOperator", "..\..\Scion.Business\Scion.LikeOperator\Scion.LikeOperator.csproj", "{65C90DC0-0998-4C69-8EE7-9308C7F0353D}"
EndProject
Project("{9A19103F-16F7-4668-BE54-9A1E7A4F7556}") = "XUnitParse", "..\..\Scion.Business\XUnitParse\XUnitParse.csproj", "{CAD2B3DB-07CF-40A5-A1AD-D9723E60D98D}"
EndProject
Project("{2150E333-8FDC-42A3-9474-1A3956D46DE8}") = "Business", "Business", "{AB188910-4246-4E60-9583-6BB959E8AFAB}"
EndProject
Project("{2150E333-8FDC-42A3-9474-1A3956D46DE8}") = "Persistence", "Persistence", "{67F2A314-4DF0-4412-812B-4612A4832388}"
EndProject
Project("{2150E333-8FDC-42A3-9474-1A3956D46DE8}") = "Infrastructure", "Infrastructure", "{EF67BD34-0ED1-45AF-BBCA-F8459FFC209D}"
EndProject
Project("{2150E333-8FDC-42A3-9474-1A3956D46DE8}") = "Tools", "Tools", "{C4CA6455-BE08-4A05-9585-54B5CEC1E867}"
EndProject
Project("{9A19103F-16F7-4668-BE54-9A1E7A4F7556}") = "Scion.Word", "..\..\Scion.Word\Scion.Word.csproj", "{BD04AFE0-9F62-4CB7-ADE0-A7EB0D34CD76}"
EndProject
Project("{9A19103F-16F7-4668-BE54-9A1E7A4F7556}") = "Scion.Datalayer", "..\..\Datalayer\Scion.Datalayer\Scion.Datalayer.csproj", "{14B2FB30-4C6C-4487-84C5-E854E932D6DE}"
EndProject
Project("{9A19103F-16F7-4668-BE54-9A1E7A4F7556}") = "Scion.Excel", "..\..\Excel\Scion.Excel\Scion.Excel.csproj", "{0AEBC79A-CDBC-4FD6-89BF-D1CD6E1C8E07}"
EndProject
Project("{9A19103F-16F7-4668-BE54-9A1E7A4F7556}") = "Scion.Excel.Tests", "..\..\Excel\Scion.Excel.Tests\Scion.Excel.Tests.csproj", "{6C85D3AC-7EF4-416E-A7AF-832453723E33}"
EndProject
Project("{9A19103F-16F7-4668-BE54-9A1E7A4F7556}") = "OrganizationService", "OrganizationService.csproj", "{86100C08-4917-419B-A175-D31CA6C3A9D4}"
EndProject
Project("{9A19103F-16F7-4668-BE54-9A1E7A4F7556}") = "Scion.CapContext.Tests", "..\..\Scion.PdaContext.Tests\Scion.CapContext.Tests.csproj", "{3E114208-E1D6-46FB-B358-03C744345C3E}"
EndProject
Project("{9A19103F-16F7-4668-BE54-9A1E7A4F7556}") = "Scion.Domain.CQRS", "..\..\Scion.Domain.CQRS\Scion.Domain.CQRS.csproj", "{2ADA8F25-7595-46D9-8FAF-E424C75F5BCD}"
EndProject
Project("{9A19103F-16F7-4668-BE54-9A1E7A4F7556}") = "OrganizationServiceTests", "..\OrganizationServiceTests\OrganizationServiceTests.csproj", "{5207131C-D2FE-44AF-8E95-79CCCB272533}"
EndProject
Project("{2150E333-8FDC-42A3-9474-1A3956D46DE8}") = "API", "API", "{0CB471DE-CEC7-467C-A056-70617C0330F9}"
EndProject
Project("{9A19103F-16F7-4668-BE54-9A1E7A4F7556}") = "Scion.Events", "..\..\Scion.Events\Scion.Events.csproj", "{5EF6B9C3-2AEC-4C01-AC9E-5F3654C1E200}"
EndProject
Project("{2150E333-8FDC-42A3-9474-1A3956D46DE8}") = "Compose", "Compose", "{13063AE7-C23C-4EF4-8B30-33DA40964C67}"
	ProjectSection(SolutionItems) = preProject
		..\..\Compose\docker-compose.yml = ..\..\Compose\docker-compose.yml
	EndProjectSection
EndProject
Project("{2150E333-8FDC-42A3-9474-1A3956D46DE8}") = "Gateway", "Gateway", "{67EE89B2-E341-43F7-B1AE-F710CEF791B9}"
	ProjectSection(SolutionItems) = preProject
		..\..\Envoy\envoy.yaml = ..\..\Envoy\envoy.yaml
		..\..\Envoy\https.config = ..\..\Envoy\https.config
		..\..\Envoy\https.crt = ..\..\Envoy\https.crt
		..\..\Envoy\key.pem = ..\..\Envoy\key.pem
	EndProjectSection
EndProject
Project("{9A19103F-16F7-4668-BE54-9A1E7A4F7556}") = "ParseService", "..\ParseService\ParseService.csproj", "{BC323E53-5AC5-4DE1-BF7D-7D927311DE4A}"
EndProject
Project("{E53339B2-1760-4266-BCC7-CA923CBCF16C}") = "docker-compose", "docker-compose.dcproj", "{0013A263-63CC-44E0-8E67-D5CBE4487A0A}"
EndProject
Project("{2150E333-8FDC-42A3-9474-1A3956D46DE8}") = "Security", "Security", "{325DD34A-DAE7-4255-AE64-A2C0525DD76B}"
EndProject
Project("{9A19103F-16F7-4668-BE54-9A1E7A4F7556}") = "Scion.Permissions", "..\..\Security\Scion.Permissions\Scion.Permissions.csproj", "{44B720AC-008B-457B-ADC7-D041DF575509}"
EndProject
Project("{9A19103F-16F7-4668-BE54-9A1E7A4F7556}") = "Scion.Caching", "..\..\Scion.Caching\Scion.Caching.csproj", "{1157C408-CEEB-4633-BA06-5F4585ADD0AA}"
EndProject
Project("{9A19103F-16F7-4668-BE54-9A1E7A4F7556}") = "Scion.DistributedLock", "..\..\Scion.DistributedLock\Scion.DistributedLock.csproj", "{559F17B3-569E-4A3F-ACC6-A9AC9BF485B5}"
EndProject
Global
	GlobalSection(SolutionConfigurationPlatforms) = preSolution
		Debug|Any CPU = Debug|Any CPU
		Release|Any CPU = Release|Any CPU
	EndGlobalSection
	GlobalSection(ProjectConfigurationPlatforms) = postSolution
		{498A159F-F441-4101-BA21-0CB06E99EF9F}.Debug|Any CPU.ActiveCfg = Debug|Any CPU
		{498A159F-F441-4101-BA21-0CB06E99EF9F}.Debug|Any CPU.Build.0 = Debug|Any CPU
		{498A159F-F441-4101-BA21-0CB06E99EF9F}.Release|Any CPU.ActiveCfg = Release|Any CPU
		{498A159F-F441-4101-BA21-0CB06E99EF9F}.Release|Any CPU.Build.0 = Release|Any CPU
		{C34F4011-D66D-400A-9455-3DA977343614}.Debug|Any CPU.ActiveCfg = Debug|Any CPU
		{C34F4011-D66D-400A-9455-3DA977343614}.Debug|Any CPU.Build.0 = Debug|Any CPU
		{C34F4011-D66D-400A-9455-3DA977343614}.Release|Any CPU.ActiveCfg = Release|Any CPU
		{C34F4011-D66D-400A-9455-3DA977343614}.Release|Any CPU.Build.0 = Release|Any CPU
		{0D0CCAB8-689A-4CA7-9CA9-D720C9248E00}.Debug|Any CPU.ActiveCfg = Debug|Any CPU
		{0D0CCAB8-689A-4CA7-9CA9-D720C9248E00}.Debug|Any CPU.Build.0 = Debug|Any CPU
		{0D0CCAB8-689A-4CA7-9CA9-D720C9248E00}.Release|Any CPU.ActiveCfg = Release|Any CPU
		{0D0CCAB8-689A-4CA7-9CA9-D720C9248E00}.Release|Any CPU.Build.0 = Release|Any CPU
		{65C90DC0-0998-4C69-8EE7-9308C7F0353D}.Debug|Any CPU.ActiveCfg = Debug|Any CPU
		{65C90DC0-0998-4C69-8EE7-9308C7F0353D}.Debug|Any CPU.Build.0 = Debug|Any CPU
		{65C90DC0-0998-4C69-8EE7-9308C7F0353D}.Release|Any CPU.ActiveCfg = Release|Any CPU
		{65C90DC0-0998-4C69-8EE7-9308C7F0353D}.Release|Any CPU.Build.0 = Release|Any CPU
		{CAD2B3DB-07CF-40A5-A1AD-D9723E60D98D}.Debug|Any CPU.ActiveCfg = Debug|Any CPU
		{CAD2B3DB-07CF-40A5-A1AD-D9723E60D98D}.Debug|Any CPU.Build.0 = Debug|Any CPU
		{CAD2B3DB-07CF-40A5-A1AD-D9723E60D98D}.Release|Any CPU.ActiveCfg = Release|Any CPU
		{CAD2B3DB-07CF-40A5-A1AD-D9723E60D98D}.Release|Any CPU.Build.0 = Release|Any CPU
		{BD04AFE0-9F62-4CB7-ADE0-A7EB0D34CD76}.Debug|Any CPU.ActiveCfg = Debug|Any CPU
		{BD04AFE0-9F62-4CB7-ADE0-A7EB0D34CD76}.Debug|Any CPU.Build.0 = Debug|Any CPU
		{BD04AFE0-9F62-4CB7-ADE0-A7EB0D34CD76}.Release|Any CPU.ActiveCfg = Release|Any CPU
		{BD04AFE0-9F62-4CB7-ADE0-A7EB0D34CD76}.Release|Any CPU.Build.0 = Release|Any CPU
		{14B2FB30-4C6C-4487-84C5-E854E932D6DE}.Debug|Any CPU.ActiveCfg = Debug|Any CPU
		{14B2FB30-4C6C-4487-84C5-E854E932D6DE}.Debug|Any CPU.Build.0 = Debug|Any CPU
		{14B2FB30-4C6C-4487-84C5-E854E932D6DE}.Release|Any CPU.ActiveCfg = Release|Any CPU
		{14B2FB30-4C6C-4487-84C5-E854E932D6DE}.Release|Any CPU.Build.0 = Release|Any CPU
		{0AEBC79A-CDBC-4FD6-89BF-D1CD6E1C8E07}.Debug|Any CPU.ActiveCfg = Debug|Any CPU
		{0AEBC79A-CDBC-4FD6-89BF-D1CD6E1C8E07}.Debug|Any CPU.Build.0 = Debug|Any CPU
		{0AEBC79A-CDBC-4FD6-89BF-D1CD6E1C8E07}.Release|Any CPU.ActiveCfg = Release|Any CPU
		{0AEBC79A-CDBC-4FD6-89BF-D1CD6E1C8E07}.Release|Any CPU.Build.0 = Release|Any CPU
		{6C85D3AC-7EF4-416E-A7AF-832453723E33}.Debug|Any CPU.ActiveCfg = Debug|Any CPU
		{6C85D3AC-7EF4-416E-A7AF-832453723E33}.Debug|Any CPU.Build.0 = Debug|Any CPU
		{6C85D3AC-7EF4-416E-A7AF-832453723E33}.Release|Any CPU.ActiveCfg = Release|Any CPU
		{6C85D3AC-7EF4-416E-A7AF-832453723E33}.Release|Any CPU.Build.0 = Release|Any CPU
		{86100C08-4917-419B-A175-D31CA6C3A9D4}.Debug|Any CPU.ActiveCfg = Debug|Any CPU
		{86100C08-4917-419B-A175-D31CA6C3A9D4}.Debug|Any CPU.Build.0 = Debug|Any CPU
		{86100C08-4917-419B-A175-D31CA6C3A9D4}.Release|Any CPU.ActiveCfg = Release|Any CPU
		{86100C08-4917-419B-A175-D31CA6C3A9D4}.Release|Any CPU.Build.0 = Release|Any CPU
		{3E114208-E1D6-46FB-B358-03C744345C3E}.Debug|Any CPU.ActiveCfg = Debug|Any CPU
		{3E114208-E1D6-46FB-B358-03C744345C3E}.Debug|Any CPU.Build.0 = Debug|Any CPU
		{3E114208-E1D6-46FB-B358-03C744345C3E}.Release|Any CPU.ActiveCfg = Release|Any CPU
		{3E114208-E1D6-46FB-B358-03C744345C3E}.Release|Any CPU.Build.0 = Release|Any CPU
		{2ADA8F25-7595-46D9-8FAF-E424C75F5BCD}.Debug|Any CPU.ActiveCfg = Debug|Any CPU
		{2ADA8F25-7595-46D9-8FAF-E424C75F5BCD}.Debug|Any CPU.Build.0 = Debug|Any CPU
		{2ADA8F25-7595-46D9-8FAF-E424C75F5BCD}.Release|Any CPU.ActiveCfg = Release|Any CPU
		{2ADA8F25-7595-46D9-8FAF-E424C75F5BCD}.Release|Any CPU.Build.0 = Release|Any CPU
		{5207131C-D2FE-44AF-8E95-79CCCB272533}.Debug|Any CPU.ActiveCfg = Debug|Any CPU
		{5207131C-D2FE-44AF-8E95-79CCCB272533}.Debug|Any CPU.Build.0 = Debug|Any CPU
		{5207131C-D2FE-44AF-8E95-79CCCB272533}.Release|Any CPU.ActiveCfg = Release|Any CPU
		{5207131C-D2FE-44AF-8E95-79CCCB272533}.Release|Any CPU.Build.0 = Release|Any CPU
		{5EF6B9C3-2AEC-4C01-AC9E-5F3654C1E200}.Debug|Any CPU.ActiveCfg = Debug|Any CPU
		{5EF6B9C3-2AEC-4C01-AC9E-5F3654C1E200}.Debug|Any CPU.Build.0 = Debug|Any CPU
		{5EF6B9C3-2AEC-4C01-AC9E-5F3654C1E200}.Release|Any CPU.ActiveCfg = Release|Any CPU
		{5EF6B9C3-2AEC-4C01-AC9E-5F3654C1E200}.Release|Any CPU.Build.0 = Release|Any CPU
		{BC323E53-5AC5-4DE1-BF7D-7D927311DE4A}.Debug|Any CPU.ActiveCfg = Debug|Any CPU
		{BC323E53-5AC5-4DE1-BF7D-7D927311DE4A}.Debug|Any CPU.Build.0 = Debug|Any CPU
		{BC323E53-5AC5-4DE1-BF7D-7D927311DE4A}.Release|Any CPU.ActiveCfg = Release|Any CPU
		{BC323E53-5AC5-4DE1-BF7D-7D927311DE4A}.Release|Any CPU.Build.0 = Release|Any CPU
		{0013A263-63CC-44E0-8E67-D5CBE4487A0A}.Debug|Any CPU.ActiveCfg = Debug|Any CPU
		{0013A263-63CC-44E0-8E67-D5CBE4487A0A}.Debug|Any CPU.Build.0 = Debug|Any CPU
		{0013A263-63CC-44E0-8E67-D5CBE4487A0A}.Release|Any CPU.ActiveCfg = Release|Any CPU
		{0013A263-63CC-44E0-8E67-D5CBE4487A0A}.Release|Any CPU.Build.0 = Release|Any CPU
		{44B720AC-008B-457B-ADC7-D041DF575509}.Debug|Any CPU.ActiveCfg = Debug|Any CPU
		{44B720AC-008B-457B-ADC7-D041DF575509}.Debug|Any CPU.Build.0 = Debug|Any CPU
		{44B720AC-008B-457B-ADC7-D041DF575509}.Release|Any CPU.ActiveCfg = Release|Any CPU
		{44B720AC-008B-457B-ADC7-D041DF575509}.Release|Any CPU.Build.0 = Release|Any CPU
		{1157C408-CEEB-4633-BA06-5F4585ADD0AA}.Debug|Any CPU.ActiveCfg = Debug|Any CPU
		{1157C408-CEEB-4633-BA06-5F4585ADD0AA}.Debug|Any CPU.Build.0 = Debug|Any CPU
		{1157C408-CEEB-4633-BA06-5F4585ADD0AA}.Release|Any CPU.ActiveCfg = Release|Any CPU
		{1157C408-CEEB-4633-BA06-5F4585ADD0AA}.Release|Any CPU.Build.0 = Release|Any CPU
		{559F17B3-569E-4A3F-ACC6-A9AC9BF485B5}.Debug|Any CPU.ActiveCfg = Debug|Any CPU
		{559F17B3-569E-4A3F-ACC6-A9AC9BF485B5}.Debug|Any CPU.Build.0 = Debug|Any CPU
		{559F17B3-569E-4A3F-ACC6-A9AC9BF485B5}.Release|Any CPU.ActiveCfg = Release|Any CPU
		{559F17B3-569E-4A3F-ACC6-A9AC9BF485B5}.Release|Any CPU.Build.0 = Release|Any CPU
	EndGlobalSection
	GlobalSection(SolutionProperties) = preSolution
		HideSolutionNode = FALSE
	EndGlobalSection
	GlobalSection(NestedProjects) = preSolution
		{498A159F-F441-4101-BA21-0CB06E99EF9F} = {EF67BD34-0ED1-45AF-BBCA-F8459FFC209D}
		{C34F4011-D66D-400A-9455-3DA977343614} = {67F2A314-4DF0-4412-812B-4612A4832388}
		{0D0CCAB8-689A-4CA7-9CA9-D720C9248E00} = {AB188910-4246-4E60-9583-6BB959E8AFAB}
		{65C90DC0-0998-4C69-8EE7-9308C7F0353D} = {AB188910-4246-4E60-9583-6BB959E8AFAB}
		{CAD2B3DB-07CF-40A5-A1AD-D9723E60D98D} = {AB188910-4246-4E60-9583-6BB959E8AFAB}
		{BD04AFE0-9F62-4CB7-ADE0-A7EB0D34CD76} = {C4CA6455-BE08-4A05-9585-54B5CEC1E867}
		{14B2FB30-4C6C-4487-84C5-E854E932D6DE} = {67F2A314-4DF0-4412-812B-4612A4832388}
		{0AEBC79A-CDBC-4FD6-89BF-D1CD6E1C8E07} = {C4CA6455-BE08-4A05-9585-54B5CEC1E867}
		{6C85D3AC-7EF4-416E-A7AF-832453723E33} = {C4CA6455-BE08-4A05-9585-54B5CEC1E867}
		{86100C08-4917-419B-A175-D31CA6C3A9D4} = {0CB471DE-CEC7-467C-A056-70617C0330F9}
		{3E114208-E1D6-46FB-B358-03C744345C3E} = {67F2A314-4DF0-4412-812B-4612A4832388}
		{2ADA8F25-7595-46D9-8FAF-E424C75F5BCD} = {EF67BD34-0ED1-45AF-BBCA-F8459FFC209D}
		{5207131C-D2FE-44AF-8E95-79CCCB272533} = {0CB471DE-CEC7-467C-A056-70617C0330F9}
		{5EF6B9C3-2AEC-4C01-AC9E-5F3654C1E200} = {0CB471DE-CEC7-467C-A056-70617C0330F9}
		{BC323E53-5AC5-4DE1-BF7D-7D927311DE4A} = {0CB471DE-CEC7-467C-A056-70617C0330F9}
		{44B720AC-008B-457B-ADC7-D041DF575509} = {325DD34A-DAE7-4255-AE64-A2C0525DD76B}
		{1157C408-CEEB-4633-BA06-5F4585ADD0AA} = {EF67BD34-0ED1-45AF-BBCA-F8459FFC209D}
		{559F17B3-569E-4A3F-ACC6-A9AC9BF485B5} = {EF67BD34-0ED1-45AF-BBCA-F8459FFC209D}
	EndGlobalSection
	GlobalSection(ExtensibilityGlobals) = postSolution
		SolutionGuid = {0D8213E2-D172-4993-9927-80B1C03CB3D7}
	EndGlobalSection
EndGlobal
